
Microsoft Visual Studio Solution File, Format Version 12.00
# Visual Studio Version 16
VisualStudioVersion = 16.0.29519.181
MinimumVisualStudioVersion = 10.0.40219.1
Project("{FAE04EC0-301F-11D3-BF4B-00C04F79EFBC}") = "Anghel_OtiliaAlexandra_Lab2", "Anghel_OtiliaAlexandra_Lab2.csproj", "{B285B883-7252-456D-8C54-715B97478738}"
EndProject
Global
	GlobalSection(SolutionConfigurationPlatforms) = preSolution
		Debug|Any CPU = Debug|Any CPU
		Release|Any CPU = Release|Any CPU
	EndGlobalSection
	GlobalSection(ProjectConfigurationPlatforms) = postSolution
		{B285B883-7252-456D-8C54-715B97478738}.Debug|Any CPU.ActiveCfg = Debug|Any CPU
		{B285B883-7252-456D-8C54-715B97478738}.Debug|Any CPU.Build.0 = Debug|Any CPU
		{B285B883-7252-456D-8C54-715B97478738}.Release|Any CPU.ActiveCfg = Release|Any CPU
		{B285B883-7252-456D-8C54-715B97478738}.Release|Any CPU.Build.0 = Release|Any CPU
	EndGlobalSection
	GlobalSection(SolutionProperties) = preSolution
		HideSolutionNode = FALSE
	EndGlobalSection
	GlobalSection(ExtensibilityGlobals) = postSolution
		SolutionGuid = {82056059-0FF1-4A27-B0FD-2DDA68804CC3}
	EndGlobalSection
EndGlobal
